
Microsoft Visual Studio Solution File, Format Version 12.00
# Visual Studio 15
VisualStudioVersion = 15.0.28010.2026
MinimumVisualStudioVersion = 10.0.40219.1
Project("{FAE04EC0-301F-11D3-BF4B-00C04F79EFBC}") = "Matematika", "Matematika\Matematika.csproj", "{84673978-18FA-4B34-B1A0-EAF18EBACABE}"
EndProject
Global
	GlobalSection(SolutionConfigurationPlatforms) = preSolution
		Debug|Any CPU = Debug|Any CPU
		Release|Any CPU = Release|Any CPU
	EndGlobalSection
	GlobalSection(ProjectConfigurationPlatforms) = postSolution
		{84673978-18FA-4B34-B1A0-EAF18EBACABE}.Debug|Any CPU.ActiveCfg = Debug|Any CPU
		{84673978-18FA-4B34-B1A0-EAF18EBACABE}.Debug|Any CPU.Build.0 = Debug|Any CPU
		{84673978-18FA-4B34-B1A0-EAF18EBACABE}.Release|Any CPU.ActiveCfg = Release|Any CPU
		{84673978-18FA-4B34-B1A0-EAF18EBACABE}.Release|Any CPU.Build.0 = Release|Any CPU
	EndGlobalSection
	GlobalSection(SolutionProperties) = preSolution
		HideSolutionNode = FALSE
	EndGlobalSection
	GlobalSection(ExtensibilityGlobals) = postSolution
		SolutionGuid = {4124B478-351D-4AE8-B9FD-E375F9F8AAC6}
	EndGlobalSection
EndGlobal
